
Microsoft Visual Studio Solution File, Format Version 12.00
# Visual Studio Version 17
VisualStudioVersion = 17.3.32819.101
MinimumVisualStudioVersion = 10.0.40219.1
Project("{FAE04EC0-301F-11D3-BF4B-00C04F79EFBC}") = "WebAPI", "WebAPI\WebAPI.csproj", "{F6E8F597-8AE9-4D24-B81E-8E1A297C77F7}"
EndProject
Project("{FAE04EC0-301F-11D3-BF4B-00C04F79EFBC}") = "Domain", "Domain\Domain.csproj", "{7E5FE1EE-62EE-4448-81F4-7E1859C2CF0C}"
EndProject
Project("{FAE04EC0-301F-11D3-BF4B-00C04F79EFBC}") = "Application", "Application\Application.csproj", "{A0B16C13-AC12-422C-B78E-B81ABC584DEF}"
EndProject
Project("{FAE04EC0-301F-11D3-BF4B-00C04F79EFBC}") = "Infrastructure", "Infrastructure\Infrastructure.csproj", "{A80B9F91-5C7E-4F26-9541-2F3BD07F2F8F}"
EndProject
Global
	GlobalSection(SolutionConfigurationPlatforms) = preSolution
		Debug|Any CPU = Debug|Any CPU
		Release|Any CPU = Release|Any CPU
	EndGlobalSection
	GlobalSection(ProjectConfigurationPlatforms) = postSolution
		{F6E8F597-8AE9-4D24-B81E-8E1A297C77F7}.Debug|Any CPU.ActiveCfg = Debug|Any CPU
		{F6E8F597-8AE9-4D24-B81E-8E1A297C77F7}.Debug|Any CPU.Build.0 = Debug|Any CPU
		{F6E8F597-8AE9-4D24-B81E-8E1A297C77F7}.Release|Any CPU.ActiveCfg = Release|Any CPU
		{F6E8F597-8AE9-4D24-B81E-8E1A297C77F7}.Release|Any CPU.Build.0 = Release|Any CPU
		{7E5FE1EE-62EE-4448-81F4-7E1859C2CF0C}.Debug|Any CPU.ActiveCfg = Debug|Any CPU
		{7E5FE1EE-62EE-4448-81F4-7E1859C2CF0C}.Debug|Any CPU.Build.0 = Debug|Any CPU
		{7E5FE1EE-62EE-4448-81F4-7E1859C2CF0C}.Release|Any CPU.ActiveCfg = Release|Any CPU
		{7E5FE1EE-62EE-4448-81F4-7E1859C2CF0C}.Release|Any CPU.Build.0 = Release|Any CPU
		{A0B16C13-AC12-422C-B78E-B81ABC584DEF}.Debug|Any CPU.ActiveCfg = Debug|Any CPU
		{A0B16C13-AC12-422C-B78E-B81ABC584DEF}.Debug|Any CPU.Build.0 = Debug|Any CPU
		{A0B16C13-AC12-422C-B78E-B81ABC584DEF}.Release|Any CPU.ActiveCfg = Release|Any CPU
		{A0B16C13-AC12-422C-B78E-B81ABC584DEF}.Release|Any CPU.Build.0 = Release|Any CPU
		{A80B9F91-5C7E-4F26-9541-2F3BD07F2F8F}.Debug|Any CPU.ActiveCfg = Debug|Any CPU
		{A80B9F91-5C7E-4F26-9541-2F3BD07F2F8F}.Debug|Any CPU.Build.0 = Debug|Any CPU
		{A80B9F91-5C7E-4F26-9541-2F3BD07F2F8F}.Release|Any CPU.ActiveCfg = Release|Any CPU
		{A80B9F91-5C7E-4F26-9541-2F3BD07F2F8F}.Release|Any CPU.Build.0 = Release|Any CPU
	EndGlobalSection
	GlobalSection(SolutionProperties) = preSolution
		HideSolutionNode = FALSE
	EndGlobalSection
	GlobalSection(ExtensibilityGlobals) = postSolution
		SolutionGuid = {F188F46F-9204-4253-8123-2743C853A95E}
	EndGlobalSection
EndGlobal
